<?xml version="1.0" encoding="utf-8"?>
<Project ToolsVersion="4.0" xmlns="http://schemas.microsoft.com/developer/msbuild/2003">
  <ItemGroup>
    <Filter Include="AGK Core">
      <UniqueIdentifier>{7e1048c0-92ee-408a-8443-e86ee5f22f7e}</UniqueIdentifier>
    </Filter>
    <Filter Include="Creatures">
      <UniqueIdentifier>{58456400-30ea-468b-bb80-390559beaadb}</UniqueIdentifier>
    </Filter>
    <Filter Include="Level Text Files">
      <UniqueIdentifier>{5cfcbbe2-2a93-4df1-a1f3-2d9fa77dbf85}</UniqueIdentifier>
    </Filter>
    <Filter Include="Level Specific">
      <UniqueIdentifier>{57a0fcfe-78d1-40b2-86fc-40bc5154ad01}</UniqueIdentifier>
    </Filter>
    <Filter Include="Default Project Classes">
      <UniqueIdentifier>{2be557de-2356-482c-b333-eefc5090d065}</UniqueIdentifier>
    </Filter>
    <Filter Include="Creatures\Weapons">
      <UniqueIdentifier>{5557e342-bef2-45a8-af91-b735f5103598}</UniqueIdentifier>
    </Filter>
    <Filter Include="Creatures\Creature Text Files">
      <UniqueIdentifier>{190e48e1-a25a-4066-808b-3cb868170161}</UniqueIdentifier>
    </Filter>
    <Filter Include="Vietnam">
      <UniqueIdentifier>{706fc9aa-89b0-4ba8-9fd6-5339387ab191}</UniqueIdentifier>
    </Filter>
  </ItemGroup>
  <ItemGroup>
    <ClCompile Include="Core.cpp">
      <Filter>AGK Core</Filter>
    </ClCompile>
    <ClCompile Include="template.cpp">
      <Filter>Default Project Classes</Filter>
    </ClCompile>
    <ClCompile Include="Core\AnimatedSprite.cpp">
      <Filter>Vietnam</Filter>
    </ClCompile>
    <ClCompile Include="Core\EditBox.cpp">
      <Filter>Vietnam</Filter>
    </ClCompile>
    <ClCompile Include="Core\File.cpp">
      <Filter>Vietnam</Filter>
    </ClCompile>
    <ClCompile Include="Core\HTTP.cpp">
      <Filter>Vietnam</Filter>
    </ClCompile>
    <ClCompile Include="Core\Image.cpp">
      <Filter>Vietnam</Filter>
    </ClCompile>
    <ClCompile Include="Core\Joint.cpp">
      <Filter>Vietnam</Filter>
    </ClCompile>
    <ClCompile Include="Core\Music.cpp">
      <Filter>Vietnam</Filter>
    </ClCompile>
    <ClCompile Include="Core\Network.cpp">
      <Filter>Vietnam</Filter>
    </ClCompile>
    <ClCompile Include="Core\NetworkMessage.cpp">
      <Filter>Vietnam</Filter>
    </ClCompile>
    <ClCompile Include="Core\PhysicsForce.cpp">
      <Filter>Vietnam</Filter>
    </ClCompile>
    <ClCompile Include="Core\PhysicsSprite.cpp">
      <Filter>Vietnam</Filter>
    </ClCompile>
    <ClCompile Include="Core\Point.cpp">
      <Filter>Vietnam</Filter>
    </ClCompile>
    <ClCompile Include="Core\RGBA.cpp">
      <Filter>Vietnam</Filter>
    </ClCompile>
    <ClCompile Include="Core\Sound.cpp">
      <Filter>Vietnam</Filter>
    </ClCompile>
    <ClCompile Include="Core\Sprite.cpp">
      <Filter>Vietnam</Filter>
    </ClCompile>
    <ClCompile Include="Core\Text.cpp">
      <Filter>Vietnam</Filter>
    </ClCompile>
    <ClCompile Include="Core\Timer.cpp">
      <Filter>Vietnam</Filter>
    </ClCompile>
    <ClCompile Include="Core\Vector.cpp">
      <Filter>Vietnam</Filter>
    </ClCompile>
    <ClCompile Include="Core\VirtualButton.cpp">
      <Filter>Vietnam</Filter>
    </ClCompile>
    <ClCompile Include="Core\MyParticles.cpp">
      <Filter>Vietnam</Filter>
    </ClCompile>
    <ClCompile Include="Core\Advert.cpp">
      <Filter>Vietnam</Filter>
    </ClCompile>
    <ClCompile Include="Core\Camera.cpp">
      <Filter>Vietnam</Filter>
    </ClCompile>
    <ClCompile Include="Core\DirectionalLight.cpp">
      <Filter>Vietnam</Filter>
    </ClCompile>
    <ClCompile Include="Core\Error.cpp">
      <Filter>Vietnam</Filter>
    </ClCompile>
    <ClCompile Include="Core\Facebook.cpp">
      <Filter>Vietnam</Filter>
    </ClCompile>
    <ClCompile Include="Core\GeneralCore.cpp">
      <Filter>Vietnam</Filter>
    </ClCompile>
    <ClCompile Include="Core\InAppPurchase.cpp">
      <Filter>Vietnam</Filter>
    </ClCompile>
    <ClCompile Include="Core\Input.cpp">
      <Filter>Vietnam</Filter>
    </ClCompile>
    <ClCompile Include="Core\Memblock.cpp">
      <Filter>Vietnam</Filter>
    </ClCompile>
    <ClCompile Include="Core\Notification.cpp">
      <Filter>Vietnam</Filter>
    </ClCompile>
    <ClCompile Include="Core\Physics2D.cpp">
      <Filter>Vietnam</Filter>
    </ClCompile>
    <ClCompile Include="Core\PointLight.cpp">
      <Filter>Vietnam</Filter>
    </ClCompile>
    <ClCompile Include="Core\RateApp.cpp">
      <Filter>Vietnam</Filter>
    </ClCompile>
    <ClCompile Include="Core\Shader.cpp">
      <Filter>Vietnam</Filter>
    </ClCompile>
    <ClCompile Include="Core\ThreeD.cpp">
      <Filter>Vietnam</Filter>
    </ClCompile>
    <ClCompile Include="Core\Twitter.cpp">
      <Filter>Vietnam</Filter>
    </ClCompile>
    <ClCompile Include="Core\Video.cpp">
      <Filter>Vietnam</Filter>
    </ClCompile>
    <ClCompile Include="Core\Object.cpp">
      <Filter>Vietnam</Filter>
    </ClCompile>
    <ClCompile Include="Core\Quaternion.cpp">
      <Filter>Vietnam</Filter>
    </ClCompile>
    <ClCompile Include="Core\MyJoystick.cpp">
      <Filter>Vietnam</Filter>
    </ClCompile>
    <ClCompile Include="Core\NFC.cpp">
      <Filter>Vietnam</Filter>
    </ClCompile>
    <ClCompile Include="Core\Touch.cpp">
      <Filter>Vietnam</Filter>
    </ClCompile>
    <ClCompile Include="Core\RayCast.cpp">
      <Filter>Vietnam</Filter>
    </ClCompile>
    <ClCompile Include="Core\MyZipFile.cpp">
      <Filter>Vietnam</Filter>
    </ClCompile>
    <ClCompile Include="Level.cpp">
      <Filter>Level Specific</Filter>
    </ClCompile>
    <ClCompile Include="Level00.cpp">
      <Filter>Level Specific</Filter>
    </ClCompile>
    <ClCompile Include="BugVirus.cpp">
      <Filter>Creatures</Filter>
    </ClCompile>
    <ClCompile Include="Character.cpp">
      <Filter>Creatures</Filter>
    </ClCompile>
    <ClCompile Include="DBlocker.cpp">
      <Filter>Creatures</Filter>
    </ClCompile>
    <ClCompile Include="InformationNode.cpp">
      <Filter>Creatures</Filter>
    </ClCompile>
    <ClCompile Include="MinerVirus.cpp">
      <Filter>Creatures</Filter>
    </ClCompile>
    <ClCompile Include="Nort.cpp">
      <Filter>Creatures</Filter>
    </ClCompile>
    <ClCompile Include="Spammer.cpp">
      <Filter>Creatures</Filter>
    </ClCompile>
    <ClCompile Include="ThiefVirus.cpp">
      <Filter>Creatures</Filter>
    </ClCompile>
    <ClCompile Include="Laser.cpp">
      <Filter>Creatures\Weapons</Filter>
    </ClCompile>
    <ClCompile Include="LaserHit.cpp">
      <Filter>Creatures\Weapons</Filter>
    </ClCompile>
    <ClCompile Include="Floor.cpp">
      <Filter>Level Specific</Filter>
    </ClCompile>
    <ClCompile Include="Ceiling.cpp">
      <Filter>Level Specific</Filter>
    </ClCompile>
    <ClCompile Include="Sun.cpp">
      <Filter>Level Specific</Filter>
    </ClCompile>
    <ClCompile Include="Wall.cpp">
      <Filter>Level Specific</Filter>
    </ClCompile>
    <ClCompile Include="Selector.cpp" />
  </ItemGroup>
  <ItemGroup>
    <ClInclude Include="CoreForApp.h">
      <Filter>AGK Core</Filter>
    </ClInclude>
    <ClInclude Include="Defines.h">
      <Filter>Default Project Classes</Filter>
    </ClInclude>
    <ClInclude Include="Globals.h">
      <Filter>Default Project Classes</Filter>
    </ClInclude>
    <ClInclude Include="template.h">
      <Filter>Default Project Classes</Filter>
    </ClInclude>
    <ClInclude Include="Core\AnimatedSprite.h">
      <Filter>Vietnam</Filter>
    </ClInclude>
    <ClInclude Include="Core\EditBox.h">
      <Filter>Vietnam</Filter>
    </ClInclude>
    <ClInclude Include="Core\File.h">
      <Filter>Vietnam</Filter>
    </ClInclude>
    <ClInclude Include="Core\HTTP.h">
      <Filter>Vietnam</Filter>
    </ClInclude>
    <ClInclude Include="Core\Image.h">
      <Filter>Vietnam</Filter>
    </ClInclude>
    <ClInclude Include="Core\Joint.h">
      <Filter>Vietnam</Filter>
    </ClInclude>
    <ClInclude Include="Core\Music.h">
      <Filter>Vietnam</Filter>
    </ClInclude>
    <ClInclude Include="Core\Network.h">
      <Filter>Vietnam</Filter>
    </ClInclude>
    <ClInclude Include="Core\NetworkMessage.h">
      <Filter>Vietnam</Filter>
    </ClInclude>
    <ClInclude Include="Core\PhysicsForce.h">
      <Filter>Vietnam</Filter>
    </ClInclude>
    <ClInclude Include="Core\PhysicsSprite.h">
      <Filter>Vietnam</Filter>
    </ClInclude>
    <ClInclude Include="Core\Point.h">
      <Filter>Vietnam</Filter>
    </ClInclude>
    <ClInclude Include="Core\RGBA.h">
      <Filter>Vietnam</Filter>
    </ClInclude>
    <ClInclude Include="Core\Sound.h">
      <Filter>Vietnam</Filter>
    </ClInclude>
    <ClInclude Include="Core\Sprite.h">
      <Filter>Vietnam</Filter>
    </ClInclude>
    <ClInclude Include="Core\Text.h">
      <Filter>Vietnam</Filter>
    </ClInclude>
    <ClInclude Include="Core\Timer.h">
      <Filter>Vietnam</Filter>
    </ClInclude>
    <ClInclude Include="Core\Vector.h">
      <Filter>Vietnam</Filter>
    </ClInclude>
    <ClInclude Include="Core\VirtualButton.h">
      <Filter>Vietnam</Filter>
    </ClInclude>
    <ClInclude Include="Core\MyParticles.h">
      <Filter>Vietnam</Filter>
    </ClInclude>
    <ClInclude Include="Core\Advert.h">
      <Filter>Vietnam</Filter>
    </ClInclude>
    <ClInclude Include="Core\Camera.h">
      <Filter>Vietnam</Filter>
    </ClInclude>
    <ClInclude Include="Core\DirectionalLight.h">
      <Filter>Vietnam</Filter>
    </ClInclude>
    <ClInclude Include="Core\Error.h">
      <Filter>Vietnam</Filter>
    </ClInclude>
    <ClInclude Include="Core\Facebook.h">
      <Filter>Vietnam</Filter>
    </ClInclude>
    <ClInclude Include="Core\GeneralCore.h">
      <Filter>Vietnam</Filter>
    </ClInclude>
    <ClInclude Include="Core\InAppPurchase.h">
      <Filter>Vietnam</Filter>
    </ClInclude>
    <ClInclude Include="Core\Input.h">
      <Filter>Vietnam</Filter>
    </ClInclude>
    <ClInclude Include="Core\Memblock.h">
      <Filter>Vietnam</Filter>
    </ClInclude>
    <ClInclude Include="Core\Notification.h">
      <Filter>Vietnam</Filter>
    </ClInclude>
    <ClInclude Include="Core\Physics2D.h">
      <Filter>Vietnam</Filter>
    </ClInclude>
    <ClInclude Include="Core\PointLight.h">
      <Filter>Vietnam</Filter>
    </ClInclude>
    <ClInclude Include="Core\RateApp.h">
      <Filter>Vietnam</Filter>
    </ClInclude>
    <ClInclude Include="Core\Shader.h">
      <Filter>Vietnam</Filter>
    </ClInclude>
    <ClInclude Include="Core\ThreeD.h">
      <Filter>Vietnam</Filter>
    </ClInclude>
    <ClInclude Include="Core\Twitter.h">
      <Filter>Vietnam</Filter>
    </ClInclude>
    <ClInclude Include="Core\Video.h">
      <Filter>Vietnam</Filter>
    </ClInclude>
    <ClInclude Include="Core\Object.h">
      <Filter>Vietnam</Filter>
    </ClInclude>
    <ClInclude Include="Core\Quaternion.h">
      <Filter>Vietnam</Filter>
    </ClInclude>
    <ClInclude Include="Core\MyJoystick.h">
      <Filter>Vietnam</Filter>
    </ClInclude>
    <ClInclude Include="Core\NFC.h">
      <Filter>Vietnam</Filter>
    </ClInclude>
    <ClInclude Include="Core\Touch.h">
      <Filter>Vietnam</Filter>
    </ClInclude>
    <ClInclude Include="Core\RayCast.h">
      <Filter>Vietnam</Filter>
    </ClInclude>
    <ClInclude Include="Core\MyZipFile.h">
      <Filter>Vietnam</Filter>
    </ClInclude>
    <ClInclude Include="VietnamCore.h">
      <Filter>Vietnam</Filter>
    </ClInclude>
    <ClInclude Include="Level.h">
      <Filter>Level Specific</Filter>
    </ClInclude>
    <ClInclude Include="Level00.h">
      <Filter>Level Specific</Filter>
    </ClInclude>
    <ClInclude Include="Levels.h">
      <Filter>Level Specific</Filter>
    </ClInclude>
    <ClInclude Include="BugVirus.h">
      <Filter>Creatures</Filter>
    </ClInclude>
    <ClInclude Include="Character.h">
      <Filter>Creatures</Filter>
    </ClInclude>
    <ClInclude Include="CreatureList.h">
      <Filter>Creatures</Filter>
    </ClInclude>
    <ClInclude Include="DBlocker.h">
      <Filter>Creatures</Filter>
    </ClInclude>
    <ClInclude Include="InformationNode.h">
      <Filter>Creatures</Filter>
    </ClInclude>
    <ClInclude Include="MinerVirus.h">
      <Filter>Creatures</Filter>
    </ClInclude>
    <ClInclude Include="Nort.h">
      <Filter>Creatures</Filter>
    </ClInclude>
    <ClInclude Include="Spammer.h">
      <Filter>Creatures</Filter>
    </ClInclude>
    <ClInclude Include="ThiefVirus.h">
      <Filter>Creatures</Filter>
    </ClInclude>
    <ClInclude Include="LaserHit.h">
      <Filter>Creatures\Weapons</Filter>
    </ClInclude>
    <ClInclude Include="Laser.h">
      <Filter>Creatures\Weapons</Filter>
    </ClInclude>
    <ClInclude Include="Floor.h">
      <Filter>Level Specific</Filter>
    </ClInclude>
    <ClInclude Include="Sun.h">
      <Filter>Level Specific</Filter>
    </ClInclude>
    <ClInclude Include="Ceiling.h">
      <Filter>Level Specific</Filter>
    </ClInclude>
    <ClInclude Include="Wall.h">
      <Filter>Level Specific</Filter>
    </ClInclude>
    <ClInclude Include="Selector.h" />
  </ItemGroup>
  <ItemGroup>
    <None Include="..\Game\Win32Debug_2010\CreatureData\InformationNode">
      <Filter>Creatures\Creature Text Files</Filter>
    </None>
    <None Include="..\Game\Win32Debug_2010\CreatureData\MinerVirus">
      <Filter>Creatures\Creature Text Files</Filter>
    </None>
    <None Include="..\Game\Win32Debug_2010\CreatureData\Nort">
      <Filter>Creatures\Creature Text Files</Filter>
    </None>
    <None Include="..\Game\Win32Debug_2010\CreatureData\Thief">
      <Filter>Creatures\Creature Text Files</Filter>
    </None>
    <None Include="..\Game\Win32Debug_2010\CreatureData\Bug">
      <Filter>Creatures\Creature Text Files</Filter>
    </None>
    <None Include="..\Game\Win32Debug_2010\CreatureData\DBlocker">
      <Filter>Creatures\Creature Text Files</Filter>
    </None>
    <None Include="..\Game\Win32Debug_2010\LevelData\Level 00.txt">
      <Filter>Level Text Files</Filter>
    </None>
  </ItemGroup>
</Project>