<?xml version="1.0" encoding="utf-8"?>
<Project ToolsVersion="4.0" xmlns="http://schemas.microsoft.com/developer/msbuild/2003">
  <ItemGroup>
    <Filter Include="AGK Core">
      <UniqueIdentifier>{7e1048c0-92ee-408a-8443-e86ee5f22f7e}</UniqueIdentifier>
    </Filter>
    <Filter Include="Creatures">
      <UniqueIdentifier>{58456400-30ea-468b-bb80-390559beaadb}</UniqueIdentifier>
    </Filter>
    <Filter Include="Core Classes">
      <UniqueIdentifier>{706fc9aa-89b0-4ba8-9fd6-5339387ab191}</UniqueIdentifier>
    </Filter>
    <Filter Include="Level Text Files">
      <UniqueIdentifier>{5cfcbbe2-2a93-4df1-a1f3-2d9fa77dbf85}</UniqueIdentifier>
    </Filter>
    <Filter Include="Level Specific">
      <UniqueIdentifier>{57a0fcfe-78d1-40b2-86fc-40bc5154ad01}</UniqueIdentifier>
    </Filter>
    <Filter Include="Default Project Classes">
      <UniqueIdentifier>{2be557de-2356-482c-b333-eefc5090d065}</UniqueIdentifier>
    </Filter>
    <Filter Include="Creatures\Weapons">
      <UniqueIdentifier>{5557e342-bef2-45a8-af91-b735f5103598}</UniqueIdentifier>
    </Filter>
    <Filter Include="Creatures\Creature Text Files">
      <UniqueIdentifier>{190e48e1-a25a-4066-808b-3cb868170161}</UniqueIdentifier>
    </Filter>
  </ItemGroup>
  <ItemGroup>
    <ClCompile Include="Core.cpp">
      <Filter>AGK Core</Filter>
    </ClCompile>
    <ClCompile Include="template.cpp">
      <Filter>Default Project Classes</Filter>
    </ClCompile>
    <ClCompile Include="Level\Fog.cpp">
      <Filter>Level Specific</Filter>
    </ClCompile>
    <ClCompile Include="Level\Level.cpp">
      <Filter>Level Specific</Filter>
    </ClCompile>
    <ClCompile Include="Level\Level00.cpp">
      <Filter>Level Specific</Filter>
    </ClCompile>
    <ClCompile Include="Characters\BugVirus.cpp">
      <Filter>Creatures</Filter>
    </ClCompile>
    <ClCompile Include="Characters\Character.cpp">
      <Filter>Creatures</Filter>
    </ClCompile>
    <ClCompile Include="Characters\DBlocker.cpp">
      <Filter>Creatures</Filter>
    </ClCompile>
    <ClCompile Include="Characters\InformationNode.cpp">
      <Filter>Creatures</Filter>
    </ClCompile>
    <ClCompile Include="Characters\MinerVirus.cpp">
      <Filter>Creatures</Filter>
    </ClCompile>
    <ClCompile Include="Characters\Nort.cpp">
      <Filter>Creatures</Filter>
    </ClCompile>
    <ClCompile Include="Characters\Spammer.cpp">
      <Filter>Creatures</Filter>
    </ClCompile>
    <ClCompile Include="Characters\ThiefVirus.cpp">
      <Filter>Creatures</Filter>
    </ClCompile>
    <ClCompile Include="Characters\Weapons\Laser.cpp">
      <Filter>Creatures\Weapons</Filter>
    </ClCompile>
    <ClCompile Include="Characters\Weapons\LaserHit.cpp">
      <Filter>Creatures\Weapons</Filter>
    </ClCompile>
    <ClCompile Include="Core\AnimatedSprite.cpp">
      <Filter>Core Classes</Filter>
    </ClCompile>
    <ClCompile Include="Core\EditBox.cpp">
      <Filter>Core Classes</Filter>
    </ClCompile>
    <ClCompile Include="Core\File.cpp">
      <Filter>Core Classes</Filter>
    </ClCompile>
    <ClCompile Include="Core\HTTP.cpp">
      <Filter>Core Classes</Filter>
    </ClCompile>
    <ClCompile Include="Core\Image.cpp">
      <Filter>Core Classes</Filter>
    </ClCompile>
    <ClCompile Include="Core\Joint.cpp">
      <Filter>Core Classes</Filter>
    </ClCompile>
    <ClCompile Include="Core\Music.cpp">
      <Filter>Core Classes</Filter>
    </ClCompile>
    <ClCompile Include="Core\Network.cpp">
      <Filter>Core Classes</Filter>
    </ClCompile>
    <ClCompile Include="Core\NetworkMessage.cpp">
      <Filter>Core Classes</Filter>
    </ClCompile>
    <ClCompile Include="Core\PhysicsForce.cpp">
      <Filter>Core Classes</Filter>
    </ClCompile>
    <ClCompile Include="Core\PhysicsSprite.cpp">
      <Filter>Core Classes</Filter>
    </ClCompile>
    <ClCompile Include="Core\Point.cpp">
      <Filter>Core Classes</Filter>
    </ClCompile>
    <ClCompile Include="Core\RGBA.cpp">
      <Filter>Core Classes</Filter>
    </ClCompile>
    <ClCompile Include="Core\Sound.cpp">
      <Filter>Core Classes</Filter>
    </ClCompile>
    <ClCompile Include="Core\Sprite.cpp">
      <Filter>Core Classes</Filter>
    </ClCompile>
    <ClCompile Include="Core\Text.cpp">
      <Filter>Core Classes</Filter>
    </ClCompile>
    <ClCompile Include="Core\Timer.cpp">
      <Filter>Core Classes</Filter>
    </ClCompile>
    <ClCompile Include="Core\Vector.cpp">
      <Filter>Core Classes</Filter>
    </ClCompile>
    <ClCompile Include="Core\VirtualButton.cpp">
      <Filter>Core Classes</Filter>
    </ClCompile>
    <ClCompile Include="Core\VirtualJoystick.cpp">
      <Filter>Core Classes</Filter>
    </ClCompile>
    <ClCompile Include="Core\MyParticles.cpp">
      <Filter>Core Classes</Filter>
    </ClCompile>
  </ItemGroup>
  <ItemGroup>
    <ClInclude Include="CoreForApp.h">
      <Filter>AGK Core</Filter>
    </ClInclude>
    <ClInclude Include="Defines.h">
      <Filter>Default Project Classes</Filter>
    </ClInclude>
    <ClInclude Include="Globals.h">
      <Filter>Default Project Classes</Filter>
    </ClInclude>
    <ClInclude Include="template.h">
      <Filter>Default Project Classes</Filter>
    </ClInclude>
    <ClInclude Include="Level\Fog.h">
      <Filter>Level Specific</Filter>
    </ClInclude>
    <ClInclude Include="Level\Level.h">
      <Filter>Level Specific</Filter>
    </ClInclude>
    <ClInclude Include="Level\Level00.h">
      <Filter>Level Specific</Filter>
    </ClInclude>
    <ClInclude Include="Level\Levels.h">
      <Filter>Level Specific</Filter>
    </ClInclude>
    <ClInclude Include="Characters\BugVirus.h">
      <Filter>Creatures</Filter>
    </ClInclude>
    <ClInclude Include="Characters\Character.h">
      <Filter>Creatures</Filter>
    </ClInclude>
    <ClInclude Include="Characters\CreatureList.h">
      <Filter>Creatures</Filter>
    </ClInclude>
    <ClInclude Include="Characters\DBlocker.h">
      <Filter>Creatures</Filter>
    </ClInclude>
    <ClInclude Include="Characters\InformationNode.h">
      <Filter>Creatures</Filter>
    </ClInclude>
    <ClInclude Include="Characters\MinerVirus.h">
      <Filter>Creatures</Filter>
    </ClInclude>
    <ClInclude Include="Characters\Nort.h">
      <Filter>Creatures</Filter>
    </ClInclude>
    <ClInclude Include="Characters\Spammer.h">
      <Filter>Creatures</Filter>
    </ClInclude>
    <ClInclude Include="Characters\ThiefVirus.h">
      <Filter>Creatures</Filter>
    </ClInclude>
    <ClInclude Include="Characters\Weapons\Laser.h">
      <Filter>Creatures\Weapons</Filter>
    </ClInclude>
    <ClInclude Include="Characters\Weapons\LaserHit.h">
      <Filter>Creatures\Weapons</Filter>
    </ClInclude>
    <ClInclude Include="Core\AnimatedSprite.h">
      <Filter>Core Classes</Filter>
    </ClInclude>
    <ClInclude Include="Core\EditBox.h">
      <Filter>Core Classes</Filter>
    </ClInclude>
    <ClInclude Include="Core\File.h">
      <Filter>Core Classes</Filter>
    </ClInclude>
    <ClInclude Include="Core\HTTP.h">
      <Filter>Core Classes</Filter>
    </ClInclude>
    <ClInclude Include="Core\Image.h">
      <Filter>Core Classes</Filter>
    </ClInclude>
    <ClInclude Include="Core\Joint.h">
      <Filter>Core Classes</Filter>
    </ClInclude>
    <ClInclude Include="Core\Music.h">
      <Filter>Core Classes</Filter>
    </ClInclude>
    <ClInclude Include="Core\Network.h">
      <Filter>Core Classes</Filter>
    </ClInclude>
    <ClInclude Include="Core\NetworkMessage.h">
      <Filter>Core Classes</Filter>
    </ClInclude>
    <ClInclude Include="Core\PhysicsForce.h">
      <Filter>Core Classes</Filter>
    </ClInclude>
    <ClInclude Include="Core\PhysicsSprite.h">
      <Filter>Core Classes</Filter>
    </ClInclude>
    <ClInclude Include="Core\Point.h">
      <Filter>Core Classes</Filter>
    </ClInclude>
    <ClInclude Include="Core\RGBA.h">
      <Filter>Core Classes</Filter>
    </ClInclude>
    <ClInclude Include="Core\Sound.h">
      <Filter>Core Classes</Filter>
    </ClInclude>
    <ClInclude Include="Core\Sprite.h">
      <Filter>Core Classes</Filter>
    </ClInclude>
    <ClInclude Include="Core\Text.h">
      <Filter>Core Classes</Filter>
    </ClInclude>
    <ClInclude Include="Core\Timer.h">
      <Filter>Core Classes</Filter>
    </ClInclude>
    <ClInclude Include="Core\Vector.h">
      <Filter>Core Classes</Filter>
    </ClInclude>
    <ClInclude Include="Core\VirtualButton.h">
      <Filter>Core Classes</Filter>
    </ClInclude>
    <ClInclude Include="Core\VirtualJoystick.h">
      <Filter>Core Classes</Filter>
    </ClInclude>
    <ClInclude Include="Core\MyParticles.h">
      <Filter>Core Classes</Filter>
    </ClInclude>
  </ItemGroup>
  <ItemGroup>
    <None Include="..\Game\Win32Debug_2010\CreatureData\InformationNode">
      <Filter>Creatures\Creature Text Files</Filter>
    </None>
    <None Include="..\Game\Win32Debug_2010\CreatureData\MinerVirus">
      <Filter>Creatures\Creature Text Files</Filter>
    </None>
    <None Include="..\Game\Win32Debug_2010\CreatureData\Nort">
      <Filter>Creatures\Creature Text Files</Filter>
    </None>
    <None Include="..\Game\Win32Debug_2010\CreatureData\Thief">
      <Filter>Creatures\Creature Text Files</Filter>
    </None>
    <None Include="..\Game\Win32Debug_2010\CreatureData\Bug">
      <Filter>Creatures\Creature Text Files</Filter>
    </None>
    <None Include="..\Game\Win32Debug_2010\CreatureData\DBlocker">
      <Filter>Creatures\Creature Text Files</Filter>
    </None>
    <None Include="..\Game\Win32Debug_2010\LevelData\Level 00.txt">
      <Filter>Level Text Files</Filter>
    </None>
  </ItemGroup>
</Project>