<?xml version="1.0" encoding="utf-8"?>
<Project ToolsVersion="4.0" xmlns="http://schemas.microsoft.com/developer/msbuild/2003">
  <ItemGroup>
    <Filter Include="AGK Core">
      <UniqueIdentifier>{7e1048c0-92ee-408a-8443-e86ee5f22f7e}</UniqueIdentifier>
    </Filter>
    <Filter Include="Creatures">
      <UniqueIdentifier>{58456400-30ea-468b-bb80-390559beaadb}</UniqueIdentifier>
    </Filter>
    <Filter Include="Level Text Files">
      <UniqueIdentifier>{5cfcbbe2-2a93-4df1-a1f3-2d9fa77dbf85}</UniqueIdentifier>
    </Filter>
    <Filter Include="Level Specific">
      <UniqueIdentifier>{57a0fcfe-78d1-40b2-86fc-40bc5154ad01}</UniqueIdentifier>
    </Filter>
    <Filter Include="Default Project Classes">
      <UniqueIdentifier>{2be557de-2356-482c-b333-eefc5090d065}</UniqueIdentifier>
    </Filter>
    <Filter Include="Creatures\Weapons">
      <UniqueIdentifier>{5557e342-bef2-45a8-af91-b735f5103598}</UniqueIdentifier>
    </Filter>
    <Filter Include="Creatures\Creature Text Files">
      <UniqueIdentifier>{190e48e1-a25a-4066-808b-3cb868170161}</UniqueIdentifier>
    </Filter>
    <Filter Include="Vietnam">
      <UniqueIdentifier>{706fc9aa-89b0-4ba8-9fd6-5339387ab191}</UniqueIdentifier>
    </Filter>
  </ItemGroup>
  <ItemGroup>
    <ClCompile Include="Core.cpp">
      <Filter>AGK Core</Filter>
    </ClCompile>
    <ClCompile Include="template.cpp">
      <Filter>Default Project Classes</Filter>
    </ClCompile>
    <ClCompile Include="Level.cpp">
      <Filter>Level Specific</Filter>
    </ClCompile>
    <ClCompile Include="Level00.cpp">
      <Filter>Level Specific</Filter>
    </ClCompile>
    <ClCompile Include="BugVirus.cpp">
      <Filter>Creatures</Filter>
    </ClCompile>
    <ClCompile Include="Character.cpp">
      <Filter>Creatures</Filter>
    </ClCompile>
    <ClCompile Include="DBlocker.cpp">
      <Filter>Creatures</Filter>
    </ClCompile>
    <ClCompile Include="InformationNode.cpp">
      <Filter>Creatures</Filter>
    </ClCompile>
    <ClCompile Include="MinerVirus.cpp">
      <Filter>Creatures</Filter>
    </ClCompile>
    <ClCompile Include="Nort.cpp">
      <Filter>Creatures</Filter>
    </ClCompile>
    <ClCompile Include="Spammer.cpp">
      <Filter>Creatures</Filter>
    </ClCompile>
    <ClCompile Include="ThiefVirus.cpp">
      <Filter>Creatures</Filter>
    </ClCompile>
    <ClCompile Include="Laser.cpp">
      <Filter>Creatures\Weapons</Filter>
    </ClCompile>
    <ClCompile Include="LaserHit.cpp">
      <Filter>Creatures\Weapons</Filter>
    </ClCompile>
    <ClCompile Include="Vietnam\Advert.cpp">
      <Filter>Vietnam</Filter>
    </ClCompile>
    <ClCompile Include="Vietnam\AnimatedSprite.cpp">
      <Filter>Vietnam</Filter>
    </ClCompile>
    <ClCompile Include="Vietnam\Camera.cpp">
      <Filter>Vietnam</Filter>
    </ClCompile>
    <ClCompile Include="Vietnam\DirectionalLight.cpp">
      <Filter>Vietnam</Filter>
    </ClCompile>
    <ClCompile Include="Vietnam\EditBox.cpp">
      <Filter>Vietnam</Filter>
    </ClCompile>
    <ClCompile Include="Vietnam\Error.cpp">
      <Filter>Vietnam</Filter>
    </ClCompile>
    <ClCompile Include="Vietnam\Facebook.cpp">
      <Filter>Vietnam</Filter>
    </ClCompile>
    <ClCompile Include="Vietnam\File.cpp">
      <Filter>Vietnam</Filter>
    </ClCompile>
    <ClCompile Include="Vietnam\GeneralCore.cpp">
      <Filter>Vietnam</Filter>
    </ClCompile>
    <ClCompile Include="Vietnam\HTTP.cpp">
      <Filter>Vietnam</Filter>
    </ClCompile>
    <ClCompile Include="Vietnam\Image.cpp">
      <Filter>Vietnam</Filter>
    </ClCompile>
    <ClCompile Include="Vietnam\InAppPurchase.cpp">
      <Filter>Vietnam</Filter>
    </ClCompile>
    <ClCompile Include="Vietnam\Input.cpp">
      <Filter>Vietnam</Filter>
    </ClCompile>
    <ClCompile Include="Vietnam\Joint.cpp">
      <Filter>Vietnam</Filter>
    </ClCompile>
    <ClCompile Include="Vietnam\Memblock.cpp">
      <Filter>Vietnam</Filter>
    </ClCompile>
    <ClCompile Include="Vietnam\Music.cpp">
      <Filter>Vietnam</Filter>
    </ClCompile>
    <ClCompile Include="Vietnam\MyJoystick.cpp">
      <Filter>Vietnam</Filter>
    </ClCompile>
    <ClCompile Include="Vietnam\MyParticles.cpp">
      <Filter>Vietnam</Filter>
    </ClCompile>
    <ClCompile Include="Vietnam\MyZipFile.cpp">
      <Filter>Vietnam</Filter>
    </ClCompile>
    <ClCompile Include="Vietnam\Network.cpp">
      <Filter>Vietnam</Filter>
    </ClCompile>
    <ClCompile Include="Vietnam\NetworkMessage.cpp">
      <Filter>Vietnam</Filter>
    </ClCompile>
    <ClCompile Include="Vietnam\NFC.cpp">
      <Filter>Vietnam</Filter>
    </ClCompile>
    <ClCompile Include="Vietnam\Notification.cpp">
      <Filter>Vietnam</Filter>
    </ClCompile>
    <ClCompile Include="Vietnam\Object.cpp">
      <Filter>Vietnam</Filter>
    </ClCompile>
    <ClCompile Include="Vietnam\Physics2D.cpp">
      <Filter>Vietnam</Filter>
    </ClCompile>
    <ClCompile Include="Vietnam\PhysicsForce.cpp">
      <Filter>Vietnam</Filter>
    </ClCompile>
    <ClCompile Include="Vietnam\PhysicsSprite.cpp">
      <Filter>Vietnam</Filter>
    </ClCompile>
    <ClCompile Include="Vietnam\Point.cpp">
      <Filter>Vietnam</Filter>
    </ClCompile>
    <ClCompile Include="Vietnam\PointLight.cpp">
      <Filter>Vietnam</Filter>
    </ClCompile>
    <ClCompile Include="Vietnam\Quaternion.cpp">
      <Filter>Vietnam</Filter>
    </ClCompile>
    <ClCompile Include="Vietnam\RateApp.cpp">
      <Filter>Vietnam</Filter>
    </ClCompile>
    <ClCompile Include="Vietnam\RayCast.cpp">
      <Filter>Vietnam</Filter>
    </ClCompile>
    <ClCompile Include="Vietnam\RGBA.cpp">
      <Filter>Vietnam</Filter>
    </ClCompile>
    <ClCompile Include="Vietnam\Shader.cpp">
      <Filter>Vietnam</Filter>
    </ClCompile>
    <ClCompile Include="Vietnam\Sound.cpp">
      <Filter>Vietnam</Filter>
    </ClCompile>
    <ClCompile Include="Vietnam\Sprite.cpp">
      <Filter>Vietnam</Filter>
    </ClCompile>
    <ClCompile Include="Vietnam\Text.cpp">
      <Filter>Vietnam</Filter>
    </ClCompile>
    <ClCompile Include="Vietnam\ThreeD.cpp">
      <Filter>Vietnam</Filter>
    </ClCompile>
    <ClCompile Include="Vietnam\Timer.cpp">
      <Filter>Vietnam</Filter>
    </ClCompile>
    <ClCompile Include="Vietnam\Touch.cpp">
      <Filter>Vietnam</Filter>
    </ClCompile>
    <ClCompile Include="Vietnam\Twitter.cpp">
      <Filter>Vietnam</Filter>
    </ClCompile>
    <ClCompile Include="Vietnam\Vector.cpp">
      <Filter>Vietnam</Filter>
    </ClCompile>
    <ClCompile Include="Vietnam\Video.cpp">
      <Filter>Vietnam</Filter>
    </ClCompile>
    <ClCompile Include="Vietnam\VirtualButton.cpp">
      <Filter>Vietnam</Filter>
    </ClCompile>
  </ItemGroup>
  <ItemGroup>
    <ClInclude Include="CoreForApp.h">
      <Filter>AGK Core</Filter>
    </ClInclude>
    <ClInclude Include="Defines.h">
      <Filter>Default Project Classes</Filter>
    </ClInclude>
    <ClInclude Include="Globals.h">
      <Filter>Default Project Classes</Filter>
    </ClInclude>
    <ClInclude Include="template.h">
      <Filter>Default Project Classes</Filter>
    </ClInclude>
    <ClInclude Include="Level.h">
      <Filter>Level Specific</Filter>
    </ClInclude>
    <ClInclude Include="Level00.h">
      <Filter>Level Specific</Filter>
    </ClInclude>
    <ClInclude Include="Levels.h">
      <Filter>Level Specific</Filter>
    </ClInclude>
    <ClInclude Include="BugVirus.h">
      <Filter>Creatures</Filter>
    </ClInclude>
    <ClInclude Include="Character.h">
      <Filter>Creatures</Filter>
    </ClInclude>
    <ClInclude Include="CreatureList.h">
      <Filter>Creatures</Filter>
    </ClInclude>
    <ClInclude Include="DBlocker.h">
      <Filter>Creatures</Filter>
    </ClInclude>
    <ClInclude Include="InformationNode.h">
      <Filter>Creatures</Filter>
    </ClInclude>
    <ClInclude Include="MinerVirus.h">
      <Filter>Creatures</Filter>
    </ClInclude>
    <ClInclude Include="Nort.h">
      <Filter>Creatures</Filter>
    </ClInclude>
    <ClInclude Include="Spammer.h">
      <Filter>Creatures</Filter>
    </ClInclude>
    <ClInclude Include="ThiefVirus.h">
      <Filter>Creatures</Filter>
    </ClInclude>
    <ClInclude Include="LaserHit.h">
      <Filter>Creatures\Weapons</Filter>
    </ClInclude>
    <ClInclude Include="Laser.h">
      <Filter>Creatures\Weapons</Filter>
    </ClInclude>
    <ClInclude Include="Vietnam\Advert.h">
      <Filter>Vietnam</Filter>
    </ClInclude>
    <ClInclude Include="Vietnam\AnimatedSprite.h">
      <Filter>Vietnam</Filter>
    </ClInclude>
    <ClInclude Include="Vietnam\Camera.h">
      <Filter>Vietnam</Filter>
    </ClInclude>
    <ClInclude Include="Vietnam\DirectionalLight.h">
      <Filter>Vietnam</Filter>
    </ClInclude>
    <ClInclude Include="Vietnam\EditBox.h">
      <Filter>Vietnam</Filter>
    </ClInclude>
    <ClInclude Include="Vietnam\Error.h">
      <Filter>Vietnam</Filter>
    </ClInclude>
    <ClInclude Include="Vietnam\Facebook.h">
      <Filter>Vietnam</Filter>
    </ClInclude>
    <ClInclude Include="Vietnam\File.h">
      <Filter>Vietnam</Filter>
    </ClInclude>
    <ClInclude Include="Vietnam\GeneralCore.h">
      <Filter>Vietnam</Filter>
    </ClInclude>
    <ClInclude Include="Vietnam\HTTP.h">
      <Filter>Vietnam</Filter>
    </ClInclude>
    <ClInclude Include="Vietnam\Image.h">
      <Filter>Vietnam</Filter>
    </ClInclude>
    <ClInclude Include="Vietnam\InAppPurchase.h">
      <Filter>Vietnam</Filter>
    </ClInclude>
    <ClInclude Include="Vietnam\Input.h">
      <Filter>Vietnam</Filter>
    </ClInclude>
    <ClInclude Include="Vietnam\Joint.h">
      <Filter>Vietnam</Filter>
    </ClInclude>
    <ClInclude Include="Vietnam\Memblock.h">
      <Filter>Vietnam</Filter>
    </ClInclude>
    <ClInclude Include="Vietnam\Music.h">
      <Filter>Vietnam</Filter>
    </ClInclude>
    <ClInclude Include="Vietnam\MyJoystick.h">
      <Filter>Vietnam</Filter>
    </ClInclude>
    <ClInclude Include="Vietnam\MyParticles.h">
      <Filter>Vietnam</Filter>
    </ClInclude>
    <ClInclude Include="Vietnam\MyZipFile.h">
      <Filter>Vietnam</Filter>
    </ClInclude>
    <ClInclude Include="Vietnam\Network.h">
      <Filter>Vietnam</Filter>
    </ClInclude>
    <ClInclude Include="Vietnam\NetworkMessage.h">
      <Filter>Vietnam</Filter>
    </ClInclude>
    <ClInclude Include="Vietnam\NFC.h">
      <Filter>Vietnam</Filter>
    </ClInclude>
    <ClInclude Include="Vietnam\Notification.h">
      <Filter>Vietnam</Filter>
    </ClInclude>
    <ClInclude Include="Vietnam\Object.h">
      <Filter>Vietnam</Filter>
    </ClInclude>
    <ClInclude Include="Vietnam\Physics2D.h">
      <Filter>Vietnam</Filter>
    </ClInclude>
    <ClInclude Include="Vietnam\PhysicsForce.h">
      <Filter>Vietnam</Filter>
    </ClInclude>
    <ClInclude Include="Vietnam\PhysicsSprite.h">
      <Filter>Vietnam</Filter>
    </ClInclude>
    <ClInclude Include="Vietnam\Point.h">
      <Filter>Vietnam</Filter>
    </ClInclude>
    <ClInclude Include="Vietnam\PointLight.h">
      <Filter>Vietnam</Filter>
    </ClInclude>
    <ClInclude Include="Vietnam\Quaternion.h">
      <Filter>Vietnam</Filter>
    </ClInclude>
    <ClInclude Include="Vietnam\RateApp.h">
      <Filter>Vietnam</Filter>
    </ClInclude>
    <ClInclude Include="Vietnam\RayCast.h">
      <Filter>Vietnam</Filter>
    </ClInclude>
    <ClInclude Include="Vietnam\RGBA.h">
      <Filter>Vietnam</Filter>
    </ClInclude>
    <ClInclude Include="Vietnam\Shader.h">
      <Filter>Vietnam</Filter>
    </ClInclude>
    <ClInclude Include="Vietnam\Sound.h">
      <Filter>Vietnam</Filter>
    </ClInclude>
    <ClInclude Include="Vietnam\Sprite.h">
      <Filter>Vietnam</Filter>
    </ClInclude>
    <ClInclude Include="Vietnam\Text.h">
      <Filter>Vietnam</Filter>
    </ClInclude>
    <ClInclude Include="Vietnam\ThreeD.h">
      <Filter>Vietnam</Filter>
    </ClInclude>
    <ClInclude Include="Vietnam\Timer.h">
      <Filter>Vietnam</Filter>
    </ClInclude>
    <ClInclude Include="Vietnam\Touch.h">
      <Filter>Vietnam</Filter>
    </ClInclude>
    <ClInclude Include="Vietnam\Twitter.h">
      <Filter>Vietnam</Filter>
    </ClInclude>
    <ClInclude Include="Vietnam\Vector.h">
      <Filter>Vietnam</Filter>
    </ClInclude>
    <ClInclude Include="Vietnam\Video.h">
      <Filter>Vietnam</Filter>
    </ClInclude>
    <ClInclude Include="Vietnam\VirtualButton.h">
      <Filter>Vietnam</Filter>
    </ClInclude>
  </ItemGroup>
  <ItemGroup>
    <None Include="..\Game\Win32Debug_2010\CreatureData\InformationNode">
      <Filter>Creatures\Creature Text Files</Filter>
    </None>
    <None Include="..\Game\Win32Debug_2010\CreatureData\MinerVirus">
      <Filter>Creatures\Creature Text Files</Filter>
    </None>
    <None Include="..\Game\Win32Debug_2010\CreatureData\Nort">
      <Filter>Creatures\Creature Text Files</Filter>
    </None>
    <None Include="..\Game\Win32Debug_2010\CreatureData\Thief">
      <Filter>Creatures\Creature Text Files</Filter>
    </None>
    <None Include="..\Game\Win32Debug_2010\CreatureData\Bug">
      <Filter>Creatures\Creature Text Files</Filter>
    </None>
    <None Include="..\Game\Win32Debug_2010\CreatureData\DBlocker">
      <Filter>Creatures\Creature Text Files</Filter>
    </None>
    <None Include="..\Game\Win32Debug_2010\LevelData\Level 00.txt">
      <Filter>Level Text Files</Filter>
    </None>
  </ItemGroup>
</Project>